
Microsoft Visual Studio Solution File, Format Version 12.00
# Visual Studio 2013
VisualStudioVersion = 12.0.31101.0
MinimumVisualStudioVersion = 10.0.40219.1
Project("{F2A71F9B-5D33-465A-A702-920D77279786}") = "CsvTools", "CsvTools\CsvTools.fsproj", "{00D81EBB-0F17-45A9-BC82-441A18C27555}"
EndProject
Global
	GlobalSection(SolutionConfigurationPlatforms) = preSolution
		Debug|Any CPU = Debug|Any CPU
		Release|Any CPU = Release|Any CPU
	EndGlobalSection
	GlobalSection(ProjectConfigurationPlatforms) = postSolution
		{00D81EBB-0F17-45A9-BC82-441A18C27555}.Debug|Any CPU.ActiveCfg = Debug|Any CPU
		{00D81EBB-0F17-45A9-BC82-441A18C27555}.Debug|Any CPU.Build.0 = Debug|Any CPU
		{00D81EBB-0F17-45A9-BC82-441A18C27555}.Release|Any CPU.ActiveCfg = Release|Any CPU
		{00D81EBB-0F17-45A9-BC82-441A18C27555}.Release|Any CPU.Build.0 = Release|Any CPU
	EndGlobalSection
	GlobalSection(SolutionProperties) = preSolution
		HideSolutionNode = FALSE
	EndGlobalSection
EndGlobal
